
Microsoft Visual Studio Solution File, Format Version 12.00
# Visual Studio Version 17
VisualStudioVersion = 17.13.35931.197 d17.13
MinimumVisualStudioVersion = 10.0.40219.1
Project("{FAE04EC0-301F-11D3-BF4B-00C04F79EFBC}") = "Reservation", "Reservation\Reservation.csproj", "{AE045A9A-F12E-4BC1-BC29-0E6336EC8BD9}"
EndProject
Global
	GlobalSection(SolutionConfigurationPlatforms) = preSolution
		Debug|Any CPU = Debug|Any CPU
		Release|Any CPU = Release|Any CPU
	EndGlobalSection
	GlobalSection(ProjectConfigurationPlatforms) = postSolution
		{AE045A9A-F12E-4BC1-BC29-0E6336EC8BD9}.Debug|Any CPU.ActiveCfg = Debug|Any CPU
		{AE045A9A-F12E-4BC1-BC29-0E6336EC8BD9}.Debug|Any CPU.Build.0 = Debug|Any CPU
		{AE045A9A-F12E-4BC1-BC29-0E6336EC8BD9}.Release|Any CPU.ActiveCfg = Release|Any CPU
		{AE045A9A-F12E-4BC1-BC29-0E6336EC8BD9}.Release|Any CPU.Build.0 = Release|Any CPU
	EndGlobalSection
	GlobalSection(SolutionProperties) = preSolution
		HideSolutionNode = FALSE
	EndGlobalSection
	GlobalSection(ExtensibilityGlobals) = postSolution
		SolutionGuid = {06A38464-0522-42A5-8920-F1144CF2DB08}
	EndGlobalSection
EndGlobal
